{
  "nodes": {
    "home-manager": {
      "inputs": {
        "nixpkgs": [
          "nixpkgs"
        ]
      },
      "locked": {
        "lastModified": 1765980955,
        "narHash": "sha256-rB45jv4uwC90vM9UZ70plfvY/2Kdygs+zlQ07dGQFk4=",
        "ref": "refs/heads/master",
        "rev": "89c9508bbe9b40d36b3dc206c2483ef176f15173",
        "revCount": 5914,
        "type": "git",
        "url": "https://gitee.com/Allenyou1126/home-manager"
      },
      "original": {
        "type": "git",
        "url": "https://gitee.com/Allenyou1126/home-manager"
      }
    },
    "nixpkgs": {
      "locked": {
        "lastModified": 1766014764,
        "narHash": "sha256-+73VffE5GP5fvbib6Hs1Su6LehG+9UV1Kzs90T2gBLA=",
        "ref": "nixos-25.05",
        "rev": "2b0d2b456e4e8452cf1c16d00118d145f31160f9",
        "shallow": true,
        "type": "git",
        "url": "https://mirrors.nju.edu.cn/git/nixpkgs.git"
      },
      "original": {
        "ref": "nixos-25.05",
        "shallow": true,
        "type": "git",
        "url": "https://mirrors.nju.edu.cn/git/nixpkgs.git"
      }
    },
    "root": {
      "inputs": {
        "home-manager": "home-manager",
        "nixpkgs": "nixpkgs"
      }
    }
  },
  "root": "root",
  "version": 7
}
